// !$*UTF8*$!
{
	archiveVersion = 1;
	classes = {
	};
	objectVersion = 50;
	objects = {

/* Begin PBXBuildFile section */
		66CCF9BA225D82A1003873C0 /* AppDelegate.swift in Sources */ = {isa = PBXBuildFile; fileRef = 66CCF9B9225D82A1003873C0 /* AppDelegate.swift */; };
		66CCF9BC225D82A1003873C0 /* ViewController.swift in Sources */ = {isa = PBXBuildFile; fileRef = 66CCF9BB225D82A1003873C0 /* ViewController.swift */; };
		66CCF9BF225D82A1003873C0 /* Main.storyboard in Resources */ = {isa = PBXBuildFile; fileRef = 66CCF9BD225D82A1003873C0 /* Main.storyboard */; };
		66CCF9C1225D82A9003873C0 /* Assets.xcassets in Resources */ = {isa = PBXBuildFile; fileRef = 66CCF9C0225D82A9003873C0 /* Assets.xcassets */; };
		66CCF9C4225D82A9003873C0 /* LaunchScreen.storyboard in Resources */ = {isa = PBXBuildFile; fileRef = 66CCF9C2225D82A9003873C0 /* LaunchScreen.storyboard */; };
		66CCF9CF225D82A9003873C0 /* Apple_TutorialTests.swift in Sources */ = {isa = PBXBuildFile; fileRef = 66CCF9CE225D82A9003873C0 /* Apple_TutorialTests.swift */; };
/* End PBXBuildFile section */

/* Begin PBXContainerItemProxy section */
		66CCF9CB225D82A9003873C0 /* PBXContainerItemProxy */ = {
			isa = PBXContainerItemProxy;
			containerPortal = 66CCF9AE225D82A1003873C0 /* Project object */;
			proxyType = 1;
			remoteGlobalIDString = 66CCF9B5225D82A1003873C0;
			remoteInfo = "Apple Tutorial";
		};
/* End PBXContainerItemProxy section */

/* Begin PBXFileReference section */
		66CCF9B6225D82A1003873C0 /* Apple Tutorial.app */ = {isa = PBXFileReference; explicitFileType = wrapper.application; includeInIndex = 0; path = "Apple Tutorial.app"; sourceTree = BUILT_PRODUCTS_DIR; };
		66CCF9B9225D82A1003873C0 /* AppDelegate.swift */ = {isa = PBXFileReference; lastKnownFileType = sourcecode.swift; path = AppDelegate.swift; sourceTree = "<group>"; };
		66CCF9BB225D82A1003873C0 /* ViewController.swift */ = {isa = PBXFileReference; lastKnownFileType = sourcecode.swift; path = ViewController.swift; sourceTree = "<group>"; };
		66CCF9BE225D82A1003873C0 /* Base */ = {isa = PBXFileReference; lastKnownFileType = file.storyboard; name = Base; path = Base.lproj/Main.storyboard; sourceTree = "<group>"; };
		66CCF9C0225D82A9003873C0 /* Assets.xcassets */ = {isa = PBXFileReference; lastKnownFileType = folder.assetcatalog; path = Assets.xcassets; sourceTree = "<group>"; };
		66CCF9C3225D82A9003873C0 /* Base */ = {isa = PBXFileReference; lastKnownFileType = file.storyboard; name = Base; path = Base.lproj/LaunchScreen.storyboard; sourceTree = "<group>"; };
		66CCF9C5225D82A9003873C0 /* Info.plist */ = {isa = PBXFileReference; lastKnownFileType = text.plist.xml; path = Info.plist; sourceTree = "<group>"; };
		66CCF9CA225D82A9003873C0 /* Apple TutorialTests.xctest */ = {isa = PBXFileReference; explicitFileType = wrapper.cfbundle; includeInIndex = 0; path = "Apple TutorialTests.xctest"; sourceTree = BUILT_PRODUCTS_DIR; };
		66CCF9CE225D82A9003873C0 /* Apple_TutorialTests.swift */ = {isa = PBXFileReference; lastKnownFileType = sourcecode.swift; path = Apple_TutorialTests.swift; sourceTree = "<group>"; };
		66CCF9D0225D82A9003873C0 /* Info.plist */ = {isa = PBXFileReference; lastKnownFileType = text.plist.xml; path = Info.plist; sourceTree = "<group>"; };
/* End PBXFileReference section */

/* Begin PBXFrameworksBuildPhase section */
		66CCF9B3225D82A1003873C0 /* Frameworks */ = {
			isa = PBXFrameworksBuildPhase;
			buildActionMask = 2147483647;
			files = (
			);
			runOnlyForDeploymentPostprocessing = 0;
		};
		66CCF9C7225D82A9003873C0 /* Frameworks */ = {
			isa = PBXFrameworksBuildPhase;
			buildActionMask = 2147483647;
			files = (
			);
			runOnlyForDeploymentPostprocessing = 0;
		};
/* End PBXFrameworksBuildPhase section */

/* Begin PBXGroup section */
		66CCF9AD225D82A1003873C0 = {
			isa = PBXGroup;
			children = (
				66CCF9B8225D82A1003873C0 /* Apple Tutorial */,
				66CCF9CD225D82A9003873C0 /* Apple TutorialTests */,
				66CCF9B7225D82A1003873C0 /* Products */,
			);
			sourceTree = "<group>";
		};
		66CCF9B7225D82A1003873C0 /* Products */ = {
			isa = PBXGroup;
			children = (
				66CCF9B6225D82A1003873C0 /* Apple Tutorial.app */,
				66CCF9CA225D82A9003873C0 /* Apple TutorialTests.xctest */,
			);
			name = Products;
			sourceTree = "<group>";
		};
		66CCF9B8225D82A1003873C0 /* Apple Tutorial */ = {
			isa = PBXGroup;
			children = (
				66CCF9B9225D82A1003873C0 /* AppDelegate.swift */,
				66CCF9BB225D82A1003873C0 /* ViewController.swift */,
				66CCF9BD225D82A1003873C0 /* Main.storyboard */,
				66CCF9C0225D82A9003873C0 /* Assets.xcassets */,
				66CCF9C2225D82A9003873C0 /* LaunchScreen.storyboard */,
				66CCF9C5225D82A9003873C0 /* Info.plist */,
			);
			path = "Apple Tutorial";
			sourceTree = "<group>";
		};
		66CCF9CD225D82A9003873C0 /* Apple TutorialTests */ = {
			isa = PBXGroup;
			children = (
				66CCF9CE225D82A9003873C0 /* Apple_TutorialTests.swift */,
				66CCF9D0225D82A9003873C0 /* Info.plist */,
			);
			path = "Apple TutorialTests";
			sourceTree = "<group>";
		};
/* End PBXGroup section */

/* Begin PBXNativeTarget section */
		66CCF9B5225D82A1003873C0 /* Apple Tutorial */ = {
			isa = PBXNativeTarget;
			buildConfigurationList = 66CCF9D3225D82A9003873C0 /* Build configuration list for PBXNativeTarget "Apple Tutorial" */;
			buildPhases = (
				66CCF9B2225D82A1003873C0 /* Sources */,
				66CCF9B3225D82A1003873C0 /* Frameworks */,
				66CCF9B4225D82A1003873C0 /* Resources */,
			);
			buildRules = (
			);
			dependencies = (
			);
			name = "Apple Tutorial";
			productName = "Apple Tutorial";
			productReference = 66CCF9B6225D82A1003873C0 /* Apple Tutorial.app */;
			productType = "com.apple.product-type.application";
		};
		66CCF9C9225D82A9003873C0 /* Apple TutorialTests */ = {
			isa = PBXNativeTarget;
			buildConfigurationList = 66CCF9D6225D82A9003873C0 /* Build configuration list for PBXNativeTarget "Apple TutorialTests" */;
			buildPhases = (
				66CCF9C6225D82A9003873C0 /* Sources */,
				66CCF9C7225D82A9003873C0 /* Frameworks */,
				66CCF9C8225D82A9003873C0 /* Resources */,
			);
			buildRules = (
			);
			dependencies = (
				66CCF9CC225D82A9003873C0 /* PBXTargetDependency */,
			);
			name = "Apple TutorialTests";
			productName = "Apple TutorialTests";
			productReference = 66CCF9CA225D82A9003873C0 /* Apple TutorialTests.xctest */;
			productType = "com.apple.product-type.bundle.unit-test";
		};
/* End PBXNativeTarget section */

/* Begin PBXProject section */
		66CCF9AE225D82A1003873C0 /* Project object */ = {
			isa = PBXProject;
			attributes = {
				LastSwiftUpdateCheck = 1010;
				LastUpgradeCheck = 1010;
				ORGANIZATIONNAME = mobileos;
				TargetAttributes = {
					66CCF9B5225D82A1003873C0 = {
						CreatedOnToolsVersion = 10.1;
					};
					66CCF9C9225D82A9003873C0 = {
						CreatedOnToolsVersion = 10.1;
						TestTargetID = 66CCF9B5225D82A1003873C0;
					};
				};
			};
			buildConfigurationList = 66CCF9B1225D82A1003873C0 /* Build configuration list for PBXProject "Apple Tutorial" */;
			compatibilityVersion = "Xcode 9.3";
			developmentRegion = en;
			hasScannedForEncodings = 0;
			knownRegions = (
				en,
				Base,
			);
			mainGroup = 66CCF9AD225D82A1003873C0;
			productRefGroup = 66CCF9B7225D82A1003873C0 /* Products */;
			projectDirPath = "";
			projectRoot = "";
			targets = (
				66CCF9B5225D82A1003873C0 /* Apple Tutorial */,
				66CCF9C9225D82A9003873C0 /* Apple TutorialTests */,
			);
		};
/* End PBXProject section */

/* Begin PBXResourcesBuildPhase section */
		66CCF9B4225D82A1003873C0 /* Resources */ = {
			isa = PBXResourcesBuildPhase;
			buildActionMask = 2147483647;
			files = (
				66CCF9C4225D82A9003873C0 /* LaunchScreen.storyboard in Resources */,
				66CCF9C1225D82A9003873C0 /* Assets.xcassets in Resources */,
				66CCF9BF225D82A1003873C0 /* Main.storyboard in Resources */,
			);
			runOnlyForDeploymentPostprocessing = 0;
		};
		66CCF9C8225D82A9003873C0 /* Resources */ = {
			isa = PBXResourcesBuildPhase;
			buildActionMask = 2147483647;
			files = (
			);
			runOnlyForDeploymentPostprocessing = 0;
		};
/* End PBXResourcesBuildPhase section */

/* Begin PBXSourcesBuildPhase section */
		66CCF9B2225D82A1003873C0 /* Sources */ = {
			isa = PBXSourcesBuildPhase;
			buildActionMask = 2147483647;
			files = (
				66CCF9BC225D82A1003873C0 /* ViewController.swift in Sources */,
				66CCF9BA225D82A1003873C0 /* AppDelegate.swift in Sources */,
			);
			runOnlyForDeploymentPostprocessing = 0;
		};
		66CCF9C6225D82A9003873C0 /* Sources */ = {
			isa = PBXSourcesBuildPhase;
			buildActionMask = 2147483647;
			files = (
				66CCF9CF225D82A9003873C0 /* Apple_TutorialTests.swift in Sources */,
			);
			runOnlyForDeploymentPostprocessing = 0;
		};
/* End PBXSourcesBuildPhase section */

/* Begin PBXTargetDependency section */
		66CCF9CC225D82A9003873C0 /* PBXTargetDependency */ = {
			isa = PBXTargetDependency;
			target = 66CCF9B5225D82A1003873C0 /* Apple Tutorial */;
			targetProxy = 66CCF9CB225D82A9003873C0 /* PBXContainerItemProxy */;
		};
/* End PBXTargetDependency section */

/* Begin PBXVariantGroup section */
		66CCF9BD225D82A1003873C0 /* Main.storyboard */ = {
			isa = PBXVariantGroup;
			children = (
				66CCF9BE225D82A1003873C0 /* Base */,
			);
			name = Main.storyboard;
			sourceTree = "<group>";
		};
		66CCF9C2225D82A9003873C0 /* LaunchScreen.storyboard */ = {
			isa = PBXVariantGroup;
			children = (
				66CCF9C3225D82A9003873C0 /* Base */,
			);
			name = LaunchScreen.storyboard;
			sourceTree = "<group>";
		};
/* End PBXVariantGroup section */

/* Begin XCBuildConfiguration section */
		66CCF9D1225D82A9003873C0 /* Debug */ = {
			isa = XCBuildConfiguration;
			buildSettings = {
				ALWAYS_SEARCH_USER_PATHS = NO;
				CLANG_ANALYZER_NONNULL = YES;
				CLANG_ANALYZER_NUMBER_OBJECT_CONVERSION = YES_AGGRESSIVE;
				CLANG_CXX_LANGUAGE_STANDARD = "gnu++14";
				CLANG_CXX_LIBRARY = "libc++";
				CLANG_ENABLE_MODULES = YES;
				CLANG_ENABLE_OBJC_ARC = YES;
				CLANG_ENABLE_OBJC_WEAK = YES;
				CLANG_WARN_BLOCK_CAPTURE_AUTORELEASING = YES;
				CLANG_WARN_BOOL_CONVERSION = YES;
				CLANG_WARN_COMMA = YES;
				CLANG_WARN_CONSTANT_CONVERSION = YES;
				CLANG_WARN_DEPRECATED_OBJC_IMPLEMENTATIONS = YES;
				CLANG_WARN_DIRECT_OBJC_ISA_USAGE = YES_ERROR;
				CLANG_WARN_DOCUMENTATION_COMMENTS = YES;
				CLANG_WARN_EMPTY_BODY = YES;
				CLANG_WARN_ENUM_CONVERSION = YES;
				CLANG_WARN_INFINITE_RECURSION = YES;
				CLANG_WARN_INT_CONVERSION = YES;
				CLANG_WARN_NON_LITERAL_NULL_CONVERSION = YES;
				CLANG_WARN_OBJC_IMPLICIT_RETAIN_SELF = YES;
				CLANG_WARN_OBJC_LITERAL_CONVERSION = YES;
				CLANG_WARN_OBJC_ROOT_CLASS = YES_ERROR;
				CLANG_WARN_RANGE_LOOP_ANALYSIS = YES;
				CLANG_WARN_STRICT_PROTOTYPES = YES;
				CLANG_WARN_SUSPICIOUS_MOVE = YES;
				CLANG_WARN_UNGUARDED_AVAILABILITY = YES_AGGRESSIVE;
				CLANG_WARN_UNREACHABLE_CODE = YES;
				CLANG_WARN__DUPLICATE_METHOD_MATCH = YES;
				CODE_SIGN_IDENTITY = "iPhone Developer";
				COPY_PHASE_STRIP = NO;
				DEBUG_INFORMATION_FORMAT = dwarf;
				ENABLE_STRICT_OBJC_MSGSEND = YES;
				ENABLE_TESTABILITY = YES;
				GCC_C_LANGUAGE_STANDARD = gnu11;
				GCC_DYNAMIC_NO_PIC = NO;
				GCC_NO_COMMON_BLOCKS = YES;
				GCC_OPTIMIZATION_LEVEL = 0;
				GCC_PREPROCESSOR_DEFINITIONS = (
					"DEBUG=1",
					"$(inherited)",
				);
				GCC_WARN_64_TO_32_BIT_CONVERSION = YES;
				GCC_WARN_ABOUT_RETURN_TYPE = YES_ERROR;
				GCC_WARN_UNDECLARED_SELECTOR = YES;
				GCC_WARN_UNINITIALIZED_AUTOS = YES_AGGRESSIVE;
				GCC_WARN_UNUSED_FUNCTION = YES;
				GCC_WARN_UNUSED_VARIABLE = YES;
				IPHONEOS_DEPLOYMENT_TARGET = 12.1;
				MTL_ENABLE_DEBUG_INFO = INCLUDE_SOURCE;
				MTL_FAST_MATH = YES;
				ONLY_ACTIVE_ARCH = YES;
				SDKROOT = iphoneos;
				SWIFT_ACTIVE_COMPILATION_CONDITIONS = DEBUG;
				SWIFT_OPTIMIZATION_LEVEL = "-Onone";
			};
			name = Debug;
		};
		66CCF9D2225D82A9003873C0 /* Release */ = {
			isa = XCBuildConfiguration;
			buildSettings = {
				ALWAYS_SEARCH_USER_PATHS = NO;
				CLANG_ANALYZER_NONNULL = YES;
				CLANG_ANALYZER_NUMBER_OBJECT_CONVERSION = YES_AGGRESSIVE;
				CLANG_CXX_LANGUAGE_STANDARD = "gnu++14";
				CLANG_CXX_LIBRARY = "libc++";
				CLANG_ENABLE_MODULES = YES;
				CLANG_ENABLE_OBJC_ARC = YES;
				CLANG_ENABLE_OBJC_WEAK = YES;
				CLANG_WARN_BLOCK_CAPTURE_AUTORELEASING = YES;
				CLANG_WARN_BOOL_CONVERSION = YES;
				CLANG_WARN_COMMA = YES;
				CLANG_WARN_CONSTANT_CONVERSION = YES;
				CLANG_WARN_DEPRECATED_OBJC_IMPLEMENTATIONS = YES;
				CLANG_WARN_DIRECT_OBJC_ISA_USAGE = YES_ERROR;
				CLANG_WARN_DOCUMENTATION_COMMENTS = YES;
				CLANG_WARN_EMPTY_BODY = YES;
				CLANG_WARN_ENUM_CONVERSION = YES;
				CLANG_WARN_INFINITE_RECURSION = YES;
				CLANG_WARN_INT_CONVERSION = YES;
				CLANG_WARN_NON_LITERAL_NULL_CONVERSION = YES;
				CLANG_WARN_OBJC_IMPLICIT_RETAIN_SELF = YES;
				CLANG_WARN_OBJC_LITERAL_CONVERSION = YES;
				CLANG_WARN_OBJC_ROOT_CLASS = YES_ERROR;
				CLANG_WARN_RANGE_LOOP_ANALYSIS = YES;
				CLANG_WARN_STRICT_PROTOTYPES = YES;
				CLANG_WARN_SUSPICIOUS_MOVE = YES;
				CLANG_WARN_UNGUARDED_AVAILABILITY = YES_AGGRESSIVE;
				CLANG_WARN_UNREACHABLE_CODE = YES;
				CLANG_WARN__DUPLICATE_METHOD_MATCH = YES;
				CODE_SIGN_IDENTITY = "iPhone Developer";
				COPY_PHASE_STRIP = NO;
				DEBUG_INFORMATION_FORMAT = "dwarf-with-dsym";
				ENABLE_NS_ASSERTIONS = NO;
				ENABLE_STRICT_OBJC_MSGSEND = YES;
				GCC_C_LANGUAGE_STANDARD = gnu11;
				GCC_NO_COMMON_BLOCKS = YES;
				GCC_WARN_64_TO_32_BIT_CONVERSION = YES;
				GCC_WARN_ABOUT_RETURN_TYPE = YES_ERROR;
				GCC_WARN_UNDECLARED_SELECTOR = YES;
				GCC_WARN_UNINITIALIZED_AUTOS = YES_AGGRESSIVE;
				GCC_WARN_UNUSED_FUNCTION = YES;
				GCC_WARN_UNUSED_VARIABLE = YES;
				IPHONEOS_DEPLOYMENT_TARGET = 12.1;
				MTL_ENABLE_DEBUG_INFO = NO;
				MTL_FAST_MATH = YES;
				SDKROOT = iphoneos;
				SWIFT_COMPILATION_MODE = wholemodule;
				SWIFT_OPTIMIZATION_LEVEL = "-O";
				VALIDATE_PRODUCT = YES;
			};
			name = Release;
		};
		66CCF9D4225D82A9003873C0 /* Debug */ = {
			isa = XCBuildConfiguration;
			buildSettings = {
				ASSETCATALOG_COMPILER_APPICON_NAME = AppIcon;
				CODE_SIGN_STYLE = Automatic;
				DEVELOPMENT_TEAM = 4GD3P47NN2;
				INFOPLIST_FILE = "Apple Tutorial/Info.plist";
				LD_RUNPATH_SEARCH_PATHS = (
					"$(inherited)",
					"@executable_path/Frameworks",
				);
				PRODUCT_BUNDLE_IDENTIFIER = "com.mobileos.Apple-Tutorial";
				PRODUCT_NAME = "$(TARGET_NAME)";
				SWIFT_VERSION = 4.2;
				TARGETED_DEVICE_FAMILY = "1,2";
			};
			name = Debug;
		};
		66CCF9D5225D82A9003873C0 /* Release */ = {
			isa = XCBuildConfiguration;
			buildSettings = {
				ASSETCATALOG_COMPILER_APPICON_NAME = AppIcon;
				CODE_SIGN_STYLE = Automatic;
				DEVELOPMENT_TEAM = 4GD3P47NN2;
				INFOPLIST_FILE = "Apple Tutorial/Info.plist";
				LD_RUNPATH_SEARCH_PATHS = (
					"$(inherited)",
					"@executable_path/Frameworks",
				);
				PRODUCT_BUNDLE_IDENTIFIER = "com.mobileos.Apple-Tutorial";
				PRODUCT_NAME = "$(TARGET_NAME)";
				SWIFT_VERSION = 4.2;
				TARGETED_DEVICE_FAMILY = "1,2";
			};
			name = Release;
		};
		66CCF9D7225D82A9003873C0 /* Debug */ = {
			isa = XCBuildConfiguration;
			buildSettings = {
				ALWAYS_EMBED_SWIFT_STANDARD_LIBRARIES = YES;
				BUNDLE_LOADER = "$(TEST_HOST)";
				CODE_SIGN_STYLE = Automatic;
				INFOPLIST_FILE = "Apple TutorialTests/Info.plist";
				LD_RUNPATH_SEARCH_PATHS = (
					"$(inherited)",
					"@executable_path/Frameworks",
					"@loader_path/Frameworks",
				);
				PRODUCT_BUNDLE_IDENTIFIER = "com.mobileos.Apple-TutorialTests";
				PRODUCT_NAME = "$(TARGET_NAME)";
				SWIFT_VERSION = 4.2;
				TARGETED_DEVICE_FAMILY = "1,2";
				TEST_HOST = "$(BUILT_PRODUCTS_DIR)/Apple Tutorial.app/Apple Tutorial";
			};
			name = Debug;
		};
		66CCF9D8225D82A9003873C0 /* Release */ = {
			isa = XCBuildConfiguration;
			buildSettings = {
				ALWAYS_EMBED_SWIFT_STANDARD_LIBRARIES = YES;
				BUNDLE_LOADER = "$(TEST_HOST)";
				CODE_SIGN_STYLE = Automatic;
				INFOPLIST_FILE = "Apple TutorialTests/Info.plist";
				LD_RUNPATH_SEARCH_PATHS = (
					"$(inherited)",
					"@executable_path/Frameworks",
					"@loader_path/Frameworks",
				);
				PRODUCT_BUNDLE_IDENTIFIER = "com.mobileos.Apple-TutorialTests";
				PRODUCT_NAME = "$(TARGET_NAME)";
				SWIFT_VERSION = 4.2;
				TARGETED_DEVICE_FAMILY = "1,2";
				TEST_HOST = "$(BUILT_PRODUCTS_DIR)/Apple Tutorial.app/Apple Tutorial";
			};
			name = Release;
		};
/* End XCBuildConfiguration section */

/* Begin XCConfigurationList section */
		66CCF9B1225D82A1003873C0 /* Build configuration list for PBXProject "Apple Tutorial" */ = {
			isa = XCConfigurationList;
			buildConfigurations = (
				66CCF9D1225D82A9003873C0 /* Debug */,
				66CCF9D2225D82A9003873C0 /* Release */,
			);
			defaultConfigurationIsVisible = 0;
			defaultConfigurationName = Release;
		};
		66CCF9D3225D82A9003873C0 /* Build configuration list for PBXNativeTarget "Apple Tutorial" */ = {
			isa = XCConfigurationList;
			buildConfigurations = (
				66CCF9D4225D82A9003873C0 /* Debug */,
				66CCF9D5225D82A9003873C0 /* Release */,
			);
			defaultConfigurationIsVisible = 0;
			defaultConfigurationName = Release;
		};
		66CCF9D6225D82A9003873C0 /* Build configuration list for PBXNativeTarget "Apple TutorialTests" */ = {
			isa = XCConfigurationList;
			buildConfigurations = (
				66CCF9D7225D82A9003873C0 /* Debug */,
				66CCF9D8225D82A9003873C0 /* Release */,
			);
			defaultConfigurationIsVisible = 0;
			defaultConfigurationName = Release;
		};
/* End XCConfigurationList section */
	};
	rootObject = 66CCF9AE225D82A1003873C0 /* Project object */;
}
